// !$*UTF8*$!
{
	archiveVersion = 1;
	classes = {
	};
	objectVersion = 50;
	objects = {

/* Begin PBXBuildFile section */
		108BCB1724558FF8006CDF9A /* AppDelegate.swift in Sources */ = {isa = PBXBuildFile; fileRef = 108BCB1624558FF8006CDF9A /* AppDelegate.swift */; };
		108BCB1924558FF8006CDF9A /* SceneDelegate.swift in Sources */ = {isa = PBXBuildFile; fileRef = 108BCB1824558FF8006CDF9A /* SceneDelegate.swift */; };
		108BCB1B24558FF8006CDF9A /* ViewController.swift in Sources */ = {isa = PBXBuildFile; fileRef = 108BCB1A24558FF8006CDF9A /* ViewController.swift */; };
		108BCB1E24558FF8006CDF9A /* Main.storyboard in Resources */ = {isa = PBXBuildFile; fileRef = 108BCB1C24558FF8006CDF9A /* Main.storyboard */; };
		108BCB2024558FFA006CDF9A /* Assets.xcassets in Resources */ = {isa = PBXBuildFile; fileRef = 108BCB1F24558FFA006CDF9A /* Assets.xcassets */; };
		108BCB2324558FFA006CDF9A /* LaunchScreen.storyboard in Resources */ = {isa = PBXBuildFile; fileRef = 108BCB2124558FFA006CDF9A /* LaunchScreen.storyboard */; };
		108BCB2B24559024006CDF9A /* FlowerClassifier.mlmodel in Sources */ = {isa = PBXBuildFile; fileRef = 108BCB2A24559024006CDF9A /* FlowerClassifier.mlmodel */; };
		985C09A55B5DD2C6D9E58C6F /* Pods_Flower_Detection.framework in Frameworks */ = {isa = PBXBuildFile; fileRef = 329B0F76B26A7ADB2CCB3C54 /* Pods_Flower_Detection.framework */; };
/* End PBXBuildFile section */

/* Begin PBXFileReference section */
		0620E0715E9843CBE76DA958 /* Pods-Flower Detection.debug.xcconfig */ = {isa = PBXFileReference; includeInIndex = 1; lastKnownFileType = text.xcconfig; name = "Pods-Flower Detection.debug.xcconfig"; path = "Target Support Files/Pods-Flower Detection/Pods-Flower Detection.debug.xcconfig"; sourceTree = "<group>"; };
		108BCB1324558FF8006CDF9A /* Flower Detection.app */ = {isa = PBXFileReference; explicitFileType = wrapper.application; includeInIndex = 0; path = "Flower Detection.app"; sourceTree = BUILT_PRODUCTS_DIR; };
		108BCB1624558FF8006CDF9A /* AppDelegate.swift */ = {isa = PBXFileReference; lastKnownFileType = sourcecode.swift; path = AppDelegate.swift; sourceTree = "<group>"; };
		108BCB1824558FF8006CDF9A /* SceneDelegate.swift */ = {isa = PBXFileReference; lastKnownFileType = sourcecode.swift; path = SceneDelegate.swift; sourceTree = "<group>"; };
		108BCB1A24558FF8006CDF9A /* ViewController.swift */ = {isa = PBXFileReference; lastKnownFileType = sourcecode.swift; path = ViewController.swift; sourceTree = "<group>"; };
		108BCB1D24558FF8006CDF9A /* Base */ = {isa = PBXFileReference; lastKnownFileType = file.storyboard; name = Base; path = Base.lproj/Main.storyboard; sourceTree = "<group>"; };
		108BCB1F24558FFA006CDF9A /* Assets.xcassets */ = {isa = PBXFileReference; lastKnownFileType = folder.assetcatalog; path = Assets.xcassets; sourceTree = "<group>"; };
		108BCB2224558FFA006CDF9A /* Base */ = {isa = PBXFileReference; lastKnownFileType = file.storyboard; name = Base; path = Base.lproj/LaunchScreen.storyboard; sourceTree = "<group>"; };
		108BCB2424558FFA006CDF9A /* Info.plist */ = {isa = PBXFileReference; lastKnownFileType = text.plist.xml; path = Info.plist; sourceTree = "<group>"; };
		108BCB2A24559024006CDF9A /* FlowerClassifier.mlmodel */ = {isa = PBXFileReference; lastKnownFileType = file.mlmodel; path = FlowerClassifier.mlmodel; sourceTree = "<group>"; };
		329B0F76B26A7ADB2CCB3C54 /* Pods_Flower_Detection.framework */ = {isa = PBXFileReference; explicitFileType = wrapper.framework; includeInIndex = 0; path = Pods_Flower_Detection.framework; sourceTree = BUILT_PRODUCTS_DIR; };
		BBE69495987D9F6D31B8AFAB /* Pods-Flower Detection.release.xcconfig */ = {isa = PBXFileReference; includeInIndex = 1; lastKnownFileType = text.xcconfig; name = "Pods-Flower Detection.release.xcconfig"; path = "Target Support Files/Pods-Flower Detection/Pods-Flower Detection.release.xcconfig"; sourceTree = "<group>"; };
/* End PBXFileReference section */

/* Begin PBXFrameworksBuildPhase section */
		108BCB1024558FF8006CDF9A /* Frameworks */ = {
			isa = PBXFrameworksBuildPhase;
			buildActionMask = 2147483647;
			files = (
				985C09A55B5DD2C6D9E58C6F /* Pods_Flower_Detection.framework in Frameworks */,
			);
			runOnlyForDeploymentPostprocessing = 0;
		};
/* End PBXFrameworksBuildPhase section */

/* Begin PBXGroup section */
		108BCB0A24558FF8006CDF9A = {
			isa = PBXGroup;
			children = (
				108BCB1524558FF8006CDF9A /* Flower Detection */,
				108BCB1424558FF8006CDF9A /* Products */,
				10F66ADE60A0E8E05CA82178 /* Pods */,
				D533EEDD2B61CDF1E3411454 /* Frameworks */,
			);
			sourceTree = "<group>";
		};
		108BCB1424558FF8006CDF9A /* Products */ = {
			isa = PBXGroup;
			children = (
				108BCB1324558FF8006CDF9A /* Flower Detection.app */,
			);
			name = Products;
			sourceTree = "<group>";
		};
		108BCB1524558FF8006CDF9A /* Flower Detection */ = {
			isa = PBXGroup;
			children = (
				108BCB1624558FF8006CDF9A /* AppDelegate.swift */,
				108BCB1824558FF8006CDF9A /* SceneDelegate.swift */,
				108BCB1A24558FF8006CDF9A /* ViewController.swift */,
				108BCB1C24558FF8006CDF9A /* Main.storyboard */,
				108BCB1F24558FFA006CDF9A /* Assets.xcassets */,
				108BCB2124558FFA006CDF9A /* LaunchScreen.storyboard */,
				108BCB2424558FFA006CDF9A /* Info.plist */,
				108BCB2A24559024006CDF9A /* FlowerClassifier.mlmodel */,
			);
			path = "Flower Detection";
			sourceTree = "<group>";
		};
		10F66ADE60A0E8E05CA82178 /* Pods */ = {
			isa = PBXGroup;
			children = (
				0620E0715E9843CBE76DA958 /* Pods-Flower Detection.debug.xcconfig */,
				BBE69495987D9F6D31B8AFAB /* Pods-Flower Detection.release.xcconfig */,
			);
			name = Pods;
			path = Pods;
			sourceTree = "<group>";
		};
		D533EEDD2B61CDF1E3411454 /* Frameworks */ = {
			isa = PBXGroup;
			children = (
				329B0F76B26A7ADB2CCB3C54 /* Pods_Flower_Detection.framework */,
			);
			name = Frameworks;
			sourceTree = "<group>";
		};
/* End PBXGroup section */

/* Begin PBXNativeTarget section */
		108BCB1224558FF8006CDF9A /* Flower Detection */ = {
			isa = PBXNativeTarget;
			buildConfigurationList = 108BCB2724558FFA006CDF9A /* Build configuration list for PBXNativeTarget "Flower Detection" */;
			buildPhases = (
				AFE373AE9768620EF201D82D /* [CP] Check Pods Manifest.lock */,
				108BCB0F24558FF8006CDF9A /* Sources */,
				108BCB1024558FF8006CDF9A /* Frameworks */,
				108BCB1124558FF8006CDF9A /* Resources */,
				ADEAE70A68D231BD97A8152E /* [CP] Embed Pods Frameworks */,
			);
			buildRules = (
			);
			dependencies = (
			);
			name = "Flower Detection";
			productName = "Flower Detection";
			productReference = 108BCB1324558FF8006CDF9A /* Flower Detection.app */;
			productType = "com.apple.product-type.application";
		};
/* End PBXNativeTarget section */

/* Begin PBXProject section */
		108BCB0B24558FF8006CDF9A /* Project object */ = {
			isa = PBXProject;
			attributes = {
				LastSwiftUpdateCheck = 1140;
				LastUpgradeCheck = 1140;
				ORGANIZATIONNAME = "Pranjal Bhardwaj";
				TargetAttributes = {
					108BCB1224558FF8006CDF9A = {
						CreatedOnToolsVersion = 11.4.1;
					};
				};
			};
			buildConfigurationList = 108BCB0E24558FF8006CDF9A /* Build configuration list for PBXProject "Flower Detection" */;
			compatibilityVersion = "Xcode 9.3";
			developmentRegion = en;
			hasScannedForEncodings = 0;
			knownRegions = (
				en,
				Base,
			);
			mainGroup = 108BCB0A24558FF8006CDF9A;
			productRefGroup = 108BCB1424558FF8006CDF9A /* Products */;
			projectDirPath = "";
			projectRoot = "";
			targets = (
				108BCB1224558FF8006CDF9A /* Flower Detection */,
			);
		};
/* End PBXProject section */

/* Begin PBXResourcesBuildPhase section */
		108BCB1124558FF8006CDF9A /* Resources */ = {
			isa = PBXResourcesBuildPhase;
			buildActionMask = 2147483647;
			files = (
				108BCB2324558FFA006CDF9A /* LaunchScreen.storyboard in Resources */,
				108BCB2024558FFA006CDF9A /* Assets.xcassets in Resources */,
				108BCB1E24558FF8006CDF9A /* Main.storyboard in Resources */,
			);
			runOnlyForDeploymentPostprocessing = 0;
		};
/* End PBXResourcesBuildPhase section */

/* Begin PBXShellScriptBuildPhase section */
		ADEAE70A68D231BD97A8152E /* [CP] Embed Pods Frameworks */ = {
			isa = PBXShellScriptBuildPhase;
			buildActionMask = 2147483647;
			files = (
			);
			inputFileListPaths = (
				"${PODS_ROOT}/Target Support Files/Pods-Flower Detection/Pods-Flower Detection-frameworks-${CONFIGURATION}-input-files.xcfilelist",
			);
			name = "[CP] Embed Pods Frameworks";
			outputFileListPaths = (
				"${PODS_ROOT}/Target Support Files/Pods-Flower Detection/Pods-Flower Detection-frameworks-${CONFIGURATION}-output-files.xcfilelist",
			);
			runOnlyForDeploymentPostprocessing = 0;
			shellPath = /bin/sh;
			shellScript = "\"${PODS_ROOT}/Target Support Files/Pods-Flower Detection/Pods-Flower Detection-frameworks.sh\"\n";
			showEnvVarsInLog = 0;
		};
		AFE373AE9768620EF201D82D /* [CP] Check Pods Manifest.lock */ = {
			isa = PBXShellScriptBuildPhase;
			buildActionMask = 2147483647;
			files = (
			);
			inputFileListPaths = (
			);
			inputPaths = (
				"${PODS_PODFILE_DIR_PATH}/Podfile.lock",
				"${PODS_ROOT}/Manifest.lock",
			);
			name = "[CP] Check Pods Manifest.lock";
			outputFileListPaths = (
			);
			outputPaths = (
				"$(DERIVED_FILE_DIR)/Pods-Flower Detection-checkManifestLockResult.txt",
			);
			runOnlyForDeploymentPostprocessing = 0;
			shellPath = /bin/sh;
			shellScript = "diff \"${PODS_PODFILE_DIR_PATH}/Podfile.lock\" \"${PODS_ROOT}/Manifest.lock\" > /dev/null\nif [ $? != 0 ] ; then\n    # print error to STDERR\n    echo \"error: The sandbox is not in sync with the Podfile.lock. Run 'pod install' or update your CocoaPods installation.\" >&2\n    exit 1\nfi\n# This output is used by Xcode 'outputs' to avoid re-running this script phase.\necho \"SUCCESS\" > \"${SCRIPT_OUTPUT_FILE_0}\"\n";
			showEnvVarsInLog = 0;
		};
/* End PBXShellScriptBuildPhase section */

/* Begin PBXSourcesBuildPhase section */
		108BCB0F24558FF8006CDF9A /* Sources */ = {
			isa = PBXSourcesBuildPhase;
			buildActionMask = 2147483647;
			files = (
				108BCB2B24559024006CDF9A /* FlowerClassifier.mlmodel in Sources */,
				108BCB1B24558FF8006CDF9A /* ViewController.swift in Sources */,
				108BCB1724558FF8006CDF9A /* AppDelegate.swift in Sources */,
				108BCB1924558FF8006CDF9A /* SceneDelegate.swift in Sources */,
			);
			runOnlyForDeploymentPostprocessing = 0;
		};
/* End PBXSourcesBuildPhase section */

/* Begin PBXVariantGroup section */
		108BCB1C24558FF8006CDF9A /* Main.storyboard */ = {
			isa = PBXVariantGroup;
			children = (
				108BCB1D24558FF8006CDF9A /* Base */,
			);
			name = Main.storyboard;
			sourceTree = "<group>";
		};
		108BCB2124558FFA006CDF9A /* LaunchScreen.storyboard */ = {
			isa = PBXVariantGroup;
			children = (
				108BCB2224558FFA006CDF9A /* Base */,
			);
			name = LaunchScreen.storyboard;
			sourceTree = "<group>";
		};
/* End PBXVariantGroup section */

/* Begin XCBuildConfiguration section */
		108BCB2524558FFA006CDF9A /* Debug */ = {
			isa = XCBuildConfiguration;
			buildSettings = {
				ALWAYS_SEARCH_USER_PATHS = NO;
				CLANG_ANALYZER_NONNULL = YES;
				CLANG_ANALYZER_NUMBER_OBJECT_CONVERSION = YES_AGGRESSIVE;
				CLANG_CXX_LANGUAGE_STANDARD = "gnu++14";
				CLANG_CXX_LIBRARY = "libc++";
				CLANG_ENABLE_MODULES = YES;
				CLANG_ENABLE_OBJC_ARC = YES;
				CLANG_ENABLE_OBJC_WEAK = YES;
				CLANG_WARN_BLOCK_CAPTURE_AUTORELEASING = YES;
				CLANG_WARN_BOOL_CONVERSION = YES;
				CLANG_WARN_COMMA = YES;
				CLANG_WARN_CONSTANT_CONVERSION = YES;
				CLANG_WARN_DEPRECATED_OBJC_IMPLEMENTATIONS = YES;
				CLANG_WARN_DIRECT_OBJC_ISA_USAGE = YES_ERROR;
				CLANG_WARN_DOCUMENTATION_COMMENTS = YES;
				CLANG_WARN_EMPTY_BODY = YES;
				CLANG_WARN_ENUM_CONVERSION = YES;
				CLANG_WARN_INFINITE_RECURSION = YES;
				CLANG_WARN_INT_CONVERSION = YES;
				CLANG_WARN_NON_LITERAL_NULL_CONVERSION = YES;
				CLANG_WARN_OBJC_IMPLICIT_RETAIN_SELF = YES;
				CLANG_WARN_OBJC_LITERAL_CONVERSION = YES;
				CLANG_WARN_OBJC_ROOT_CLASS = YES_ERROR;
				CLANG_WARN_RANGE_LOOP_ANALYSIS = YES;
				CLANG_WARN_STRICT_PROTOTYPES = YES;
				CLANG_WARN_SUSPICIOUS_MOVE = YES;
				CLANG_WARN_UNGUARDED_AVAILABILITY = YES_AGGRESSIVE;
				CLANG_WARN_UNREACHABLE_CODE = YES;
				CLANG_WARN__DUPLICATE_METHOD_MATCH = YES;
				COPY_PHASE_STRIP = NO;
				DEBUG_INFORMATION_FORMAT = dwarf;
				ENABLE_STRICT_OBJC_MSGSEND = YES;
				ENABLE_TESTABILITY = YES;
				GCC_C_LANGUAGE_STANDARD = gnu11;
				GCC_DYNAMIC_NO_PIC = NO;
				GCC_NO_COMMON_BLOCKS = YES;
				GCC_OPTIMIZATION_LEVEL = 0;
				GCC_PREPROCESSOR_DEFINITIONS = (
					"DEBUG=1",
					"$(inherited)",
				);
				GCC_WARN_64_TO_32_BIT_CONVERSION = YES;
				GCC_WARN_ABOUT_RETURN_TYPE = YES_ERROR;
				GCC_WARN_UNDECLARED_SELECTOR = YES;
				GCC_WARN_UNINITIALIZED_AUTOS = YES_AGGRESSIVE;
				GCC_WARN_UNUSED_FUNCTION = YES;
				GCC_WARN_UNUSED_VARIABLE = YES;
				IPHONEOS_DEPLOYMENT_TARGET = 13.4;
				MTL_ENABLE_DEBUG_INFO = INCLUDE_SOURCE;
				MTL_FAST_MATH = YES;
				ONLY_ACTIVE_ARCH = YES;
				SDKROOT = iphoneos;
				SWIFT_ACTIVE_COMPILATION_CONDITIONS = DEBUG;
				SWIFT_OPTIMIZATION_LEVEL = "-Onone";
			};
			name = Debug;
		};
		108BCB2624558FFA006CDF9A /* Release */ = {
			isa = XCBuildConfiguration;
			buildSettings = {
				ALWAYS_SEARCH_USER_PATHS = NO;
				CLANG_ANALYZER_NONNULL = YES;
				CLANG_ANALYZER_NUMBER_OBJECT_CONVERSION = YES_AGGRESSIVE;
				CLANG_CXX_LANGUAGE_STANDARD = "gnu++14";
				CLANG_CXX_LIBRARY = "libc++";
				CLANG_ENABLE_MODULES = YES;
				CLANG_ENABLE_OBJC_ARC = YES;
				CLANG_ENABLE_OBJC_WEAK = YES;
				CLANG_WARN_BLOCK_CAPTURE_AUTORELEASING = YES;
				CLANG_WARN_BOOL_CONVERSION = YES;
				CLANG_WARN_COMMA = YES;
				CLANG_WARN_CONSTANT_CONVERSION = YES;
				CLANG_WARN_DEPRECATED_OBJC_IMPLEMENTATIONS = YES;
				CLANG_WARN_DIRECT_OBJC_ISA_USAGE = YES_ERROR;
				CLANG_WARN_DOCUMENTATION_COMMENTS = YES;
				CLANG_WARN_EMPTY_BODY = YES;
				CLANG_WARN_ENUM_CONVERSION = YES;
				CLANG_WARN_INFINITE_RECURSION = YES;
				CLANG_WARN_INT_CONVERSION = YES;
				CLANG_WARN_NON_LITERAL_NULL_CONVERSION = YES;
				CLANG_WARN_OBJC_IMPLICIT_RETAIN_SELF = YES;
				CLANG_WARN_OBJC_LITERAL_CONVERSION = YES;
				CLANG_WARN_OBJC_ROOT_CLASS = YES_ERROR;
				CLANG_WARN_RANGE_LOOP_ANALYSIS = YES;
				CLANG_WARN_STRICT_PROTOTYPES = YES;
				CLANG_WARN_SUSPICIOUS_MOVE = YES;
				CLANG_WARN_UNGUARDED_AVAILABILITY = YES_AGGRESSIVE;
				CLANG_WARN_UNREACHABLE_CODE = YES;
				CLANG_WARN__DUPLICATE_METHOD_MATCH = YES;
				COPY_PHASE_STRIP = NO;
				DEBUG_INFORMATION_FORMAT = "dwarf-with-dsym";
				ENABLE_NS_ASSERTIONS = NO;
				ENABLE_STRICT_OBJC_MSGSEND = YES;
				GCC_C_LANGUAGE_STANDARD = gnu11;
				GCC_NO_COMMON_BLOCKS = YES;
				GCC_WARN_64_TO_32_BIT_CONVERSION = YES;
				GCC_WARN_ABOUT_RETURN_TYPE = YES_ERROR;
				GCC_WARN_UNDECLARED_SELECTOR = YES;
				GCC_WARN_UNINITIALIZED_AUTOS = YES_AGGRESSIVE;
				GCC_WARN_UNUSED_FUNCTION = YES;
				GCC_WARN_UNUSED_VARIABLE = YES;
				IPHONEOS_DEPLOYMENT_TARGET = 13.4;
				MTL_ENABLE_DEBUG_INFO = NO;
				MTL_FAST_MATH = YES;
				SDKROOT = iphoneos;
				SWIFT_COMPILATION_MODE = wholemodule;
				SWIFT_OPTIMIZATION_LEVEL = "-O";
				VALIDATE_PRODUCT = YES;
			};
			name = Release;
		};
		108BCB2824558FFA006CDF9A /* Debug */ = {
			isa = XCBuildConfiguration;
			baseConfigurationReference = 0620E0715E9843CBE76DA958 /* Pods-Flower Detection.debug.xcconfig */;
			buildSettings = {
				ASSETCATALOG_COMPILER_APPICON_NAME = AppIcon;
				CODE_SIGN_STYLE = Automatic;
				DEVELOPMENT_TEAM = 6CBM2TPHV7;
				INFOPLIST_FILE = "Flower Detection/Info.plist";
				LD_RUNPATH_SEARCH_PATHS = (
					"$(inherited)",
					"@executable_path/Frameworks",
				);
				PRODUCT_BUNDLE_IDENTIFIER = "com.PranjalBhardwaj.Flower-Detection";
				PRODUCT_NAME = "$(TARGET_NAME)";
				SWIFT_VERSION = 5.0;
				TARGETED_DEVICE_FAMILY = "1,2";
			};
			name = Debug;
		};
		108BCB2924558FFA006CDF9A /* Release */ = {
			isa = XCBuildConfiguration;
			baseConfigurationReference = BBE69495987D9F6D31B8AFAB /* Pods-Flower Detection.release.xcconfig */;
			buildSettings = {
				ASSETCATALOG_COMPILER_APPICON_NAME = AppIcon;
				CODE_SIGN_STYLE = Automatic;
				DEVELOPMENT_TEAM = 6CBM2TPHV7;
				INFOPLIST_FILE = "Flower Detection/Info.plist";
				LD_RUNPATH_SEARCH_PATHS = (
					"$(inherited)",
					"@executable_path/Frameworks",
				);
				PRODUCT_BUNDLE_IDENTIFIER = "com.PranjalBhardwaj.Flower-Detection";
				PRODUCT_NAME = "$(TARGET_NAME)";
				SWIFT_VERSION = 5.0;
				TARGETED_DEVICE_FAMILY = "1,2";
			};
			name = Release;
		};
/* End XCBuildConfiguration section */

/* Begin XCConfigurationList section */
		108BCB0E24558FF8006CDF9A /* Build configuration list for PBXProject "Flower Detection" */ = {
			isa = XCConfigurationList;
			buildConfigurations = (
				108BCB2524558FFA006CDF9A /* Debug */,
				108BCB2624558FFA006CDF9A /* Release */,
			);
			defaultConfigurationIsVisible = 0;
			defaultConfigurationName = Release;
		};
		108BCB2724558FFA006CDF9A /* Build configuration list for PBXNativeTarget "Flower Detection" */ = {
			isa = XCConfigurationList;
			buildConfigurations = (
				108BCB2824558FFA006CDF9A /* Debug */,
				108BCB2924558FFA006CDF9A /* Release */,
			);
			defaultConfigurationIsVisible = 0;
			defaultConfigurationName = Release;
		};
/* End XCConfigurationList section */
	};
	rootObject = 108BCB0B24558FF8006CDF9A /* Project object */;
}
